
Microsoft Visual Studio Solution File, Format Version 12.00
# Visual Studio Version 16
VisualStudioVersion = 16.0.29230.47
MinimumVisualStudioVersion = 10.0.40219.1
Project("{9A19103F-16F7-4668-BE54-9A1E7A4F7556}") = "Lab1", "Lab1\Lab1.csproj", "{7B1AE4D0-0A77-4BDC-B484-96F9166E713F}"
EndProject
Project("{9A19103F-16F7-4668-BE54-9A1E7A4F7556}") = "HomeWork.Common", "HomeWork.Common\HomeWork.Common.csproj", "{993E7AEF-D036-436C-BF09-D29F131C83C7}"
EndProject
Project("{9A19103F-16F7-4668-BE54-9A1E7A4F7556}") = "HomeWork.Runner", "HomeWork.Runner\HomeWork.Runner.csproj", "{ABEEA6CC-E4E3-4958-9606-82EF24251C6A}"
EndProject
Project("{9A19103F-16F7-4668-BE54-9A1E7A4F7556}") = "Lab1Runner", "Lab1Runner\Lab1Runner.csproj", "{EC1E739C-3D6C-4179-B39F-F9B278745D64}"
EndProject
Project("{9A19103F-16F7-4668-BE54-9A1E7A4F7556}") = "Lab2", "Lab2\Lab2.csproj", "{445A8AE9-E411-4A66-B6AD-C3F84A678CDB}"
EndProject
Project("{9A19103F-16F7-4668-BE54-9A1E7A4F7556}") = "Lab2Runner", "Lab2Runner\Lab2Runner.csproj", "{EA01DAB0-D5D6-41EA-9298-0BF7806357F5}"
EndProject
Project("{9A19103F-16F7-4668-BE54-9A1E7A4F7556}") = "Lab3", "Lab3\Lab3.csproj", "{947B6045-166E-46DB-A75A-16FFC8AFBE2D}"
EndProject
Project("{9A19103F-16F7-4668-BE54-9A1E7A4F7556}") = "Lab3Runner", "Lab3Runner\Lab3Runner.csproj", "{55A94F6B-1461-4EBA-A4DA-4EB98D5ACE7D}"
EndProject
Project("{9A19103F-16F7-4668-BE54-9A1E7A4F7556}") = "Lab4", "Lab4\Lab4.csproj", "{F9BBC92E-C815-4FBE-AA67-74825C41B028}"
EndProject
Project("{9A19103F-16F7-4668-BE54-9A1E7A4F7556}") = "Lab4Runner", "Lab4Runner\Lab4Runner.csproj", "{BDC3AFF1-3252-409F-89E7-5AA57CC32571}"
EndProject
Project("{2150E333-8FDC-42A3-9474-1A3956D46DE8}") = "HomeWrok.Labs", "HomeWrok.Labs", "{C1F5A8AB-372F-4A5A-A581-1FE531F096E9}"
EndProject
Project("{2150E333-8FDC-42A3-9474-1A3956D46DE8}") = "HomeWork.LabRunners", "HomeWork.LabRunners", "{5C88F7F1-54EF-48F7-8A2D-39DE7382654F}"
EndProject
Global
	GlobalSection(SolutionConfigurationPlatforms) = preSolution
		Debug|Any CPU = Debug|Any CPU
		Release|Any CPU = Release|Any CPU
	EndGlobalSection
	GlobalSection(ProjectConfigurationPlatforms) = postSolution
		{7B1AE4D0-0A77-4BDC-B484-96F9166E713F}.Debug|Any CPU.ActiveCfg = Debug|Any CPU
		{7B1AE4D0-0A77-4BDC-B484-96F9166E713F}.Debug|Any CPU.Build.0 = Debug|Any CPU
		{7B1AE4D0-0A77-4BDC-B484-96F9166E713F}.Release|Any CPU.ActiveCfg = Release|Any CPU
		{7B1AE4D0-0A77-4BDC-B484-96F9166E713F}.Release|Any CPU.Build.0 = Release|Any CPU
		{993E7AEF-D036-436C-BF09-D29F131C83C7}.Debug|Any CPU.ActiveCfg = Debug|Any CPU
		{993E7AEF-D036-436C-BF09-D29F131C83C7}.Debug|Any CPU.Build.0 = Debug|Any CPU
		{993E7AEF-D036-436C-BF09-D29F131C83C7}.Release|Any CPU.ActiveCfg = Release|Any CPU
		{993E7AEF-D036-436C-BF09-D29F131C83C7}.Release|Any CPU.Build.0 = Release|Any CPU
		{ABEEA6CC-E4E3-4958-9606-82EF24251C6A}.Debug|Any CPU.ActiveCfg = Debug|Any CPU
		{ABEEA6CC-E4E3-4958-9606-82EF24251C6A}.Debug|Any CPU.Build.0 = Debug|Any CPU
		{ABEEA6CC-E4E3-4958-9606-82EF24251C6A}.Release|Any CPU.ActiveCfg = Release|Any CPU
		{ABEEA6CC-E4E3-4958-9606-82EF24251C6A}.Release|Any CPU.Build.0 = Release|Any CPU
		{EC1E739C-3D6C-4179-B39F-F9B278745D64}.Debug|Any CPU.ActiveCfg = Debug|Any CPU
		{EC1E739C-3D6C-4179-B39F-F9B278745D64}.Debug|Any CPU.Build.0 = Debug|Any CPU
		{EC1E739C-3D6C-4179-B39F-F9B278745D64}.Release|Any CPU.ActiveCfg = Release|Any CPU
		{EC1E739C-3D6C-4179-B39F-F9B278745D64}.Release|Any CPU.Build.0 = Release|Any CPU
		{445A8AE9-E411-4A66-B6AD-C3F84A678CDB}.Debug|Any CPU.ActiveCfg = Debug|Any CPU
		{445A8AE9-E411-4A66-B6AD-C3F84A678CDB}.Debug|Any CPU.Build.0 = Debug|Any CPU
		{445A8AE9-E411-4A66-B6AD-C3F84A678CDB}.Release|Any CPU.ActiveCfg = Release|Any CPU
		{445A8AE9-E411-4A66-B6AD-C3F84A678CDB}.Release|Any CPU.Build.0 = Release|Any CPU
		{EA01DAB0-D5D6-41EA-9298-0BF7806357F5}.Debug|Any CPU.ActiveCfg = Debug|Any CPU
		{EA01DAB0-D5D6-41EA-9298-0BF7806357F5}.Debug|Any CPU.Build.0 = Debug|Any CPU
		{EA01DAB0-D5D6-41EA-9298-0BF7806357F5}.Release|Any CPU.ActiveCfg = Release|Any CPU
		{EA01DAB0-D5D6-41EA-9298-0BF7806357F5}.Release|Any CPU.Build.0 = Release|Any CPU
		{947B6045-166E-46DB-A75A-16FFC8AFBE2D}.Debug|Any CPU.ActiveCfg = Debug|Any CPU
		{947B6045-166E-46DB-A75A-16FFC8AFBE2D}.Debug|Any CPU.Build.0 = Debug|Any CPU
		{947B6045-166E-46DB-A75A-16FFC8AFBE2D}.Release|Any CPU.ActiveCfg = Release|Any CPU
		{947B6045-166E-46DB-A75A-16FFC8AFBE2D}.Release|Any CPU.Build.0 = Release|Any CPU
		{55A94F6B-1461-4EBA-A4DA-4EB98D5ACE7D}.Debug|Any CPU.ActiveCfg = Debug|Any CPU
		{55A94F6B-1461-4EBA-A4DA-4EB98D5ACE7D}.Debug|Any CPU.Build.0 = Debug|Any CPU
		{55A94F6B-1461-4EBA-A4DA-4EB98D5ACE7D}.Release|Any CPU.ActiveCfg = Release|Any CPU
		{55A94F6B-1461-4EBA-A4DA-4EB98D5ACE7D}.Release|Any CPU.Build.0 = Release|Any CPU
		{F9BBC92E-C815-4FBE-AA67-74825C41B028}.Debug|Any CPU.ActiveCfg = Debug|Any CPU
		{F9BBC92E-C815-4FBE-AA67-74825C41B028}.Debug|Any CPU.Build.0 = Debug|Any CPU
		{F9BBC92E-C815-4FBE-AA67-74825C41B028}.Release|Any CPU.ActiveCfg = Release|Any CPU
		{F9BBC92E-C815-4FBE-AA67-74825C41B028}.Release|Any CPU.Build.0 = Release|Any CPU
		{BDC3AFF1-3252-409F-89E7-5AA57CC32571}.Debug|Any CPU.ActiveCfg = Debug|Any CPU
		{BDC3AFF1-3252-409F-89E7-5AA57CC32571}.Debug|Any CPU.Build.0 = Debug|Any CPU
		{BDC3AFF1-3252-409F-89E7-5AA57CC32571}.Release|Any CPU.ActiveCfg = Release|Any CPU
		{BDC3AFF1-3252-409F-89E7-5AA57CC32571}.Release|Any CPU.Build.0 = Release|Any CPU
	EndGlobalSection
	GlobalSection(SolutionProperties) = preSolution
		HideSolutionNode = FALSE
	EndGlobalSection
	GlobalSection(NestedProjects) = preSolution
		{7B1AE4D0-0A77-4BDC-B484-96F9166E713F} = {C1F5A8AB-372F-4A5A-A581-1FE531F096E9}
		{EC1E739C-3D6C-4179-B39F-F9B278745D64} = {5C88F7F1-54EF-48F7-8A2D-39DE7382654F}
		{445A8AE9-E411-4A66-B6AD-C3F84A678CDB} = {C1F5A8AB-372F-4A5A-A581-1FE531F096E9}
		{EA01DAB0-D5D6-41EA-9298-0BF7806357F5} = {5C88F7F1-54EF-48F7-8A2D-39DE7382654F}
		{947B6045-166E-46DB-A75A-16FFC8AFBE2D} = {C1F5A8AB-372F-4A5A-A581-1FE531F096E9}
		{55A94F6B-1461-4EBA-A4DA-4EB98D5ACE7D} = {5C88F7F1-54EF-48F7-8A2D-39DE7382654F}
		{F9BBC92E-C815-4FBE-AA67-74825C41B028} = {C1F5A8AB-372F-4A5A-A581-1FE531F096E9}
		{BDC3AFF1-3252-409F-89E7-5AA57CC32571} = {5C88F7F1-54EF-48F7-8A2D-39DE7382654F}
	EndGlobalSection
	GlobalSection(ExtensibilityGlobals) = postSolution
		SolutionGuid = {767554A8-87FB-44E1-9C62-297C58E47842}
	EndGlobalSection
EndGlobal
