
Microsoft Visual Studio Solution File, Format Version 12.00
# Visual Studio Version 16
VisualStudioVersion = 16.0.29230.47
MinimumVisualStudioVersion = 10.0.40219.1
Project("{9A19103F-16F7-4668-BE54-9A1E7A4F7556}") = "HomeWork.Common", "HomeWork.Common\HomeWork.Common.csproj", "{993E7AEF-D036-436C-BF09-D29F131C83C7}"
EndProject
Project("{9A19103F-16F7-4668-BE54-9A1E7A4F7556}") = "HomeWork.Runner", "HomeWork.Runner\HomeWork.Runner.csproj", "{ABEEA6CC-E4E3-4958-9606-82EF24251C6A}"
EndProject
Project("{9A19103F-16F7-4668-BE54-9A1E7A4F7556}") = "CustomLogger", "CustomLogger\CustomLogger.csproj", "{9270A10F-1EC7-4735-A970-90F5D6A13F77}"
EndProject
Project("{9A19103F-16F7-4668-BE54-9A1E7A4F7556}") = "HomeWork.LabRunners", "HomeWork.LabRunners\HomeWork.LabRunners.csproj", "{033FB2C5-14F1-44C0-A799-BEEE30BB098C}"
EndProject
Project("{9A19103F-16F7-4668-BE54-9A1E7A4F7556}") = "Lab1", "HomeWork.Labs\Lab1\Lab1.csproj", "{3A73FEF8-8DAB-4A10-BD76-17C4DD061693}"
EndProject
Project("{9A19103F-16F7-4668-BE54-9A1E7A4F7556}") = "Lab2", "HomeWork.Labs\Lab2\Lab2.csproj", "{FD96C242-EF5E-4680-A831-31521ABF014B}"
EndProject
Project("{9A19103F-16F7-4668-BE54-9A1E7A4F7556}") = "Lab3", "HomeWork.Labs\Lab3\Lab3.csproj", "{8A8394DF-7251-4BE2-B35D-F3CEE4D77542}"
EndProject
Project("{9A19103F-16F7-4668-BE54-9A1E7A4F7556}") = "Lab4", "HomeWork.Labs\Lab4\Lab4.csproj", "{4D34CAA8-F529-472A-ACDC-67FBF0640333}"
EndProject
Project("{9A19103F-16F7-4668-BE54-9A1E7A4F7556}") = "Lab5", "HomeWork.Labs\Lab5\Lab5.csproj", "{E1966D98-A9B3-4FF7-BB65-32D4F6E92791}"
EndProject
Project("{9A19103F-16F7-4668-BE54-9A1E7A4F7556}") = "Lab6", "HomeWork.Labs\Lab6\Lab6.csproj", "{2D931A19-AECB-4D57-8F05-ED9A6C6FA4F1}"
EndProject
Project("{9A19103F-16F7-4668-BE54-9A1E7A4F7556}") = "Lab7", "HomeWork.Labs\Lab7\Lab7.csproj", "{54324898-48C3-43C1-A470-3E1C0522039C}"
EndProject
Project("{2150E333-8FDC-42A3-9474-1A3956D46DE8}") = "HomeWork.Labs", "HomeWork.Labs", "{7F2DA593-624A-4C4A-B540-8AFF1EF7BA2F}"
EndProject
Project("{9A19103F-16F7-4668-BE54-9A1E7A4F7556}") = "HomeWork.IoC", "HomeWork.IoC\HomeWork.IoC.csproj", "{901876CD-4AA9-45CA-8F5B-38B2973A5323}"
EndProject
Project("{9A19103F-16F7-4668-BE54-9A1E7A4F7556}") = "HomeWork.Ioc.Tests", "HomeWork.Ioc.Tests\HomeWork.Ioc.Tests.csproj", "{0E526ACC-CE63-48D2-B4A7-7ABB356124F9}"
EndProject
Project("{2150E333-8FDC-42A3-9474-1A3956D46DE8}") = "HomeWork.Testing", "HomeWork.Testing", "{8D40DA52-544D-4374-BDA1-90C51A715257}"
EndProject
Project("{2150E333-8FDC-42A3-9474-1A3956D46DE8}") = "UnitTests", "UnitTests", "{42523654-A8C6-4FDE-A44E-6938B364BD5F}"
EndProject
Project("{9A19103F-16F7-4668-BE54-9A1E7A4F7556}") = "Model", "HomeWork.Testing\UnitTests\Model\Model.csproj", "{6E45D4F3-7EB1-440C-9965-9B0304B097E7}"
EndProject
Project("{9A19103F-16F7-4668-BE54-9A1E7A4F7556}") = "Model.Tests", "HomeWork.Testing\UnitTests\Model.Tests\Model.Tests.csproj", "{D1109AC6-2A4B-43F8-B9B6-DAAC08784905}"
EndProject
Project("{2150E333-8FDC-42A3-9474-1A3956D46DE8}") = "IntegrationTests", "IntegrationTests", "{AAD41C70-B471-4978-BB8E-958F7145D121}"
EndProject
Project("{9A19103F-16F7-4668-BE54-9A1E7A4F7556}") = "IntegrationTestsSample", "HomeWork.Testing\IntegrationTests\IntegrationTestsSample\IntegrationTestsSample.csproj", "{172DD0E6-B27D-427E-93A1-473F5D6A0BB3}"
EndProject
Project("{9A19103F-16F7-4668-BE54-9A1E7A4F7556}") = "RazorPagesProject.Tests", "HomeWork.Testing\IntegrationTests\RazorPagesProject.Tests\RazorPagesProject.Tests.csproj", "{08404331-67C1-4C47-AE67-139C60D6DEE3}"
EndProject
Global
	GlobalSection(SolutionConfigurationPlatforms) = preSolution
		Debug|Any CPU = Debug|Any CPU
		Release|Any CPU = Release|Any CPU
	EndGlobalSection
	GlobalSection(ProjectConfigurationPlatforms) = postSolution
		{993E7AEF-D036-436C-BF09-D29F131C83C7}.Debug|Any CPU.ActiveCfg = Debug|Any CPU
		{993E7AEF-D036-436C-BF09-D29F131C83C7}.Debug|Any CPU.Build.0 = Debug|Any CPU
		{993E7AEF-D036-436C-BF09-D29F131C83C7}.Release|Any CPU.ActiveCfg = Release|Any CPU
		{993E7AEF-D036-436C-BF09-D29F131C83C7}.Release|Any CPU.Build.0 = Release|Any CPU
		{ABEEA6CC-E4E3-4958-9606-82EF24251C6A}.Debug|Any CPU.ActiveCfg = Debug|Any CPU
		{ABEEA6CC-E4E3-4958-9606-82EF24251C6A}.Debug|Any CPU.Build.0 = Debug|Any CPU
		{ABEEA6CC-E4E3-4958-9606-82EF24251C6A}.Release|Any CPU.ActiveCfg = Release|Any CPU
		{ABEEA6CC-E4E3-4958-9606-82EF24251C6A}.Release|Any CPU.Build.0 = Release|Any CPU
		{9270A10F-1EC7-4735-A970-90F5D6A13F77}.Debug|Any CPU.ActiveCfg = Debug|Any CPU
		{9270A10F-1EC7-4735-A970-90F5D6A13F77}.Debug|Any CPU.Build.0 = Debug|Any CPU
		{9270A10F-1EC7-4735-A970-90F5D6A13F77}.Release|Any CPU.ActiveCfg = Release|Any CPU
		{9270A10F-1EC7-4735-A970-90F5D6A13F77}.Release|Any CPU.Build.0 = Release|Any CPU
		{033FB2C5-14F1-44C0-A799-BEEE30BB098C}.Debug|Any CPU.ActiveCfg = Debug|Any CPU
		{033FB2C5-14F1-44C0-A799-BEEE30BB098C}.Debug|Any CPU.Build.0 = Debug|Any CPU
		{033FB2C5-14F1-44C0-A799-BEEE30BB098C}.Release|Any CPU.ActiveCfg = Release|Any CPU
		{033FB2C5-14F1-44C0-A799-BEEE30BB098C}.Release|Any CPU.Build.0 = Release|Any CPU
		{3A73FEF8-8DAB-4A10-BD76-17C4DD061693}.Debug|Any CPU.ActiveCfg = Debug|Any CPU
		{3A73FEF8-8DAB-4A10-BD76-17C4DD061693}.Debug|Any CPU.Build.0 = Debug|Any CPU
		{3A73FEF8-8DAB-4A10-BD76-17C4DD061693}.Release|Any CPU.ActiveCfg = Release|Any CPU
		{3A73FEF8-8DAB-4A10-BD76-17C4DD061693}.Release|Any CPU.Build.0 = Release|Any CPU
		{FD96C242-EF5E-4680-A831-31521ABF014B}.Debug|Any CPU.ActiveCfg = Debug|Any CPU
		{FD96C242-EF5E-4680-A831-31521ABF014B}.Debug|Any CPU.Build.0 = Debug|Any CPU
		{FD96C242-EF5E-4680-A831-31521ABF014B}.Release|Any CPU.ActiveCfg = Release|Any CPU
		{FD96C242-EF5E-4680-A831-31521ABF014B}.Release|Any CPU.Build.0 = Release|Any CPU
		{8A8394DF-7251-4BE2-B35D-F3CEE4D77542}.Debug|Any CPU.ActiveCfg = Debug|Any CPU
		{8A8394DF-7251-4BE2-B35D-F3CEE4D77542}.Debug|Any CPU.Build.0 = Debug|Any CPU
		{8A8394DF-7251-4BE2-B35D-F3CEE4D77542}.Release|Any CPU.ActiveCfg = Release|Any CPU
		{8A8394DF-7251-4BE2-B35D-F3CEE4D77542}.Release|Any CPU.Build.0 = Release|Any CPU
		{4D34CAA8-F529-472A-ACDC-67FBF0640333}.Debug|Any CPU.ActiveCfg = Debug|Any CPU
		{4D34CAA8-F529-472A-ACDC-67FBF0640333}.Debug|Any CPU.Build.0 = Debug|Any CPU
		{4D34CAA8-F529-472A-ACDC-67FBF0640333}.Release|Any CPU.ActiveCfg = Release|Any CPU
		{4D34CAA8-F529-472A-ACDC-67FBF0640333}.Release|Any CPU.Build.0 = Release|Any CPU
		{E1966D98-A9B3-4FF7-BB65-32D4F6E92791}.Debug|Any CPU.ActiveCfg = Debug|Any CPU
		{E1966D98-A9B3-4FF7-BB65-32D4F6E92791}.Debug|Any CPU.Build.0 = Debug|Any CPU
		{E1966D98-A9B3-4FF7-BB65-32D4F6E92791}.Release|Any CPU.ActiveCfg = Release|Any CPU
		{E1966D98-A9B3-4FF7-BB65-32D4F6E92791}.Release|Any CPU.Build.0 = Release|Any CPU
		{2D931A19-AECB-4D57-8F05-ED9A6C6FA4F1}.Debug|Any CPU.ActiveCfg = Debug|Any CPU
		{2D931A19-AECB-4D57-8F05-ED9A6C6FA4F1}.Debug|Any CPU.Build.0 = Debug|Any CPU
		{2D931A19-AECB-4D57-8F05-ED9A6C6FA4F1}.Release|Any CPU.ActiveCfg = Release|Any CPU
		{2D931A19-AECB-4D57-8F05-ED9A6C6FA4F1}.Release|Any CPU.Build.0 = Release|Any CPU
		{54324898-48C3-43C1-A470-3E1C0522039C}.Debug|Any CPU.ActiveCfg = Debug|Any CPU
		{54324898-48C3-43C1-A470-3E1C0522039C}.Debug|Any CPU.Build.0 = Debug|Any CPU
		{54324898-48C3-43C1-A470-3E1C0522039C}.Release|Any CPU.ActiveCfg = Release|Any CPU
		{54324898-48C3-43C1-A470-3E1C0522039C}.Release|Any CPU.Build.0 = Release|Any CPU
		{901876CD-4AA9-45CA-8F5B-38B2973A5323}.Debug|Any CPU.ActiveCfg = Debug|Any CPU
		{901876CD-4AA9-45CA-8F5B-38B2973A5323}.Debug|Any CPU.Build.0 = Debug|Any CPU
		{901876CD-4AA9-45CA-8F5B-38B2973A5323}.Release|Any CPU.ActiveCfg = Release|Any CPU
		{901876CD-4AA9-45CA-8F5B-38B2973A5323}.Release|Any CPU.Build.0 = Release|Any CPU
		{0E526ACC-CE63-48D2-B4A7-7ABB356124F9}.Debug|Any CPU.ActiveCfg = Debug|Any CPU
		{0E526ACC-CE63-48D2-B4A7-7ABB356124F9}.Debug|Any CPU.Build.0 = Debug|Any CPU
		{0E526ACC-CE63-48D2-B4A7-7ABB356124F9}.Release|Any CPU.ActiveCfg = Release|Any CPU
		{0E526ACC-CE63-48D2-B4A7-7ABB356124F9}.Release|Any CPU.Build.0 = Release|Any CPU
		{6E45D4F3-7EB1-440C-9965-9B0304B097E7}.Debug|Any CPU.ActiveCfg = Debug|Any CPU
		{6E45D4F3-7EB1-440C-9965-9B0304B097E7}.Debug|Any CPU.Build.0 = Debug|Any CPU
		{6E45D4F3-7EB1-440C-9965-9B0304B097E7}.Release|Any CPU.ActiveCfg = Release|Any CPU
		{6E45D4F3-7EB1-440C-9965-9B0304B097E7}.Release|Any CPU.Build.0 = Release|Any CPU
		{D1109AC6-2A4B-43F8-B9B6-DAAC08784905}.Debug|Any CPU.ActiveCfg = Debug|Any CPU
		{D1109AC6-2A4B-43F8-B9B6-DAAC08784905}.Debug|Any CPU.Build.0 = Debug|Any CPU
		{D1109AC6-2A4B-43F8-B9B6-DAAC08784905}.Release|Any CPU.ActiveCfg = Release|Any CPU
		{D1109AC6-2A4B-43F8-B9B6-DAAC08784905}.Release|Any CPU.Build.0 = Release|Any CPU
		{172DD0E6-B27D-427E-93A1-473F5D6A0BB3}.Debug|Any CPU.ActiveCfg = Debug|Any CPU
		{172DD0E6-B27D-427E-93A1-473F5D6A0BB3}.Debug|Any CPU.Build.0 = Debug|Any CPU
		{172DD0E6-B27D-427E-93A1-473F5D6A0BB3}.Release|Any CPU.ActiveCfg = Release|Any CPU
		{172DD0E6-B27D-427E-93A1-473F5D6A0BB3}.Release|Any CPU.Build.0 = Release|Any CPU
		{08404331-67C1-4C47-AE67-139C60D6DEE3}.Debug|Any CPU.ActiveCfg = Debug|Any CPU
		{08404331-67C1-4C47-AE67-139C60D6DEE3}.Debug|Any CPU.Build.0 = Debug|Any CPU
		{08404331-67C1-4C47-AE67-139C60D6DEE3}.Release|Any CPU.ActiveCfg = Release|Any CPU
		{08404331-67C1-4C47-AE67-139C60D6DEE3}.Release|Any CPU.Build.0 = Release|Any CPU
	EndGlobalSection
	GlobalSection(SolutionProperties) = preSolution
		HideSolutionNode = FALSE
	EndGlobalSection
	GlobalSection(NestedProjects) = preSolution
		{3A73FEF8-8DAB-4A10-BD76-17C4DD061693} = {7F2DA593-624A-4C4A-B540-8AFF1EF7BA2F}
		{FD96C242-EF5E-4680-A831-31521ABF014B} = {7F2DA593-624A-4C4A-B540-8AFF1EF7BA2F}
		{8A8394DF-7251-4BE2-B35D-F3CEE4D77542} = {7F2DA593-624A-4C4A-B540-8AFF1EF7BA2F}
		{4D34CAA8-F529-472A-ACDC-67FBF0640333} = {7F2DA593-624A-4C4A-B540-8AFF1EF7BA2F}
		{E1966D98-A9B3-4FF7-BB65-32D4F6E92791} = {7F2DA593-624A-4C4A-B540-8AFF1EF7BA2F}
		{2D931A19-AECB-4D57-8F05-ED9A6C6FA4F1} = {7F2DA593-624A-4C4A-B540-8AFF1EF7BA2F}
		{54324898-48C3-43C1-A470-3E1C0522039C} = {7F2DA593-624A-4C4A-B540-8AFF1EF7BA2F}
		{42523654-A8C6-4FDE-A44E-6938B364BD5F} = {8D40DA52-544D-4374-BDA1-90C51A715257}
		{6E45D4F3-7EB1-440C-9965-9B0304B097E7} = {42523654-A8C6-4FDE-A44E-6938B364BD5F}
		{D1109AC6-2A4B-43F8-B9B6-DAAC08784905} = {42523654-A8C6-4FDE-A44E-6938B364BD5F}
		{AAD41C70-B471-4978-BB8E-958F7145D121} = {8D40DA52-544D-4374-BDA1-90C51A715257}
		{172DD0E6-B27D-427E-93A1-473F5D6A0BB3} = {AAD41C70-B471-4978-BB8E-958F7145D121}
		{08404331-67C1-4C47-AE67-139C60D6DEE3} = {AAD41C70-B471-4978-BB8E-958F7145D121}
	EndGlobalSection
	GlobalSection(ExtensibilityGlobals) = postSolution
		SolutionGuid = {767554A8-87FB-44E1-9C62-297C58E47842}
	EndGlobalSection
EndGlobal
